
Microsoft Visual Studio Solution File, Format Version 12.00
# Visual Studio 2013
VisualStudioVersion = 12.0.31101.0
MinimumVisualStudioVersion = 10.0.40219.1
Project("{8BC9CEB8-8B4A-11D0-8D11-00A0C91BC942}") = "面向接口编程", "面向接口编程\面向接口编程.vcxproj", "{3B67E9F6-E784-4BF0-B998-0859AB697F48}"
EndProject
Project("{8BC9CEB8-8B4A-11D0-8D11-00A0C91BC942}") = "面向接口编程实现", "面向接口编程实现\面向接口编程实现.vcxproj", "{AF8B242B-4959-4D5A-8844-4376DD5DB7B0}"
EndProject
Project("{8BC9CEB8-8B4A-11D0-8D11-00A0C91BC942}") = "面向对象编程01", "面向对象编程01\面向对象编程01.vcxproj", "{FF2C6A18-D5E2-4B9C-8E03-A6149CADC4EE}"
EndProject
Project("{8BC9CEB8-8B4A-11D0-8D11-00A0C91BC942}") = "课后作业", "课后作业\课后作业.vcxproj", "{4A0C0584-540C-40D4-BD08-BF007A064C4B}"
EndProject
Project("{8BC9CEB8-8B4A-11D0-8D11-00A0C91BC942}") = "文件读写", "文件读写\文件读写.vcxproj", "{5CECDE9A-538C-4CE2-A157-C872E58A8B6E}"
EndProject
Project("{8BC9CEB8-8B4A-11D0-8D11-00A0C91BC942}") = "bubble_sort", "qrsot\qrsot.vcxproj", "{0F78927D-9F28-429A-96B3-BFEC2A89CE92}"
EndProject
Project("{8BC9CEB8-8B4A-11D0-8D11-00A0C91BC942}") = "selection_sort", "selection_sort\selection_sort.vcxproj", "{38301C2F-5A7D-4362-A925-01B2CF816371}"
EndProject
Project("{8BC9CEB8-8B4A-11D0-8D11-00A0C91BC942}") = "面向接口编程实现01", "面向接口编程实现01\面向接口编程实现01.vcxproj", "{B56D0060-F9C9-4836-B6B0-66233BDEC96D}"
EndProject
Project("{8BC9CEB8-8B4A-11D0-8D11-00A0C91BC942}") = "linklist", "linklinst\linklinst.vcxproj", "{8154B66C-5D11-4A27-8B65-103992CF1272}"
EndProject
Global
	GlobalSection(SolutionConfigurationPlatforms) = preSolution
		Debug|Win32 = Debug|Win32
		Release|Win32 = Release|Win32
	EndGlobalSection
	GlobalSection(ProjectConfigurationPlatforms) = postSolution
		{3B67E9F6-E784-4BF0-B998-0859AB697F48}.Debug|Win32.ActiveCfg = Debug|Win32
		{3B67E9F6-E784-4BF0-B998-0859AB697F48}.Debug|Win32.Build.0 = Debug|Win32
		{3B67E9F6-E784-4BF0-B998-0859AB697F48}.Release|Win32.ActiveCfg = Release|Win32
		{3B67E9F6-E784-4BF0-B998-0859AB697F48}.Release|Win32.Build.0 = Release|Win32
		{AF8B242B-4959-4D5A-8844-4376DD5DB7B0}.Debug|Win32.ActiveCfg = Debug|Win32
		{AF8B242B-4959-4D5A-8844-4376DD5DB7B0}.Debug|Win32.Build.0 = Debug|Win32
		{AF8B242B-4959-4D5A-8844-4376DD5DB7B0}.Release|Win32.ActiveCfg = Release|Win32
		{AF8B242B-4959-4D5A-8844-4376DD5DB7B0}.Release|Win32.Build.0 = Release|Win32
		{FF2C6A18-D5E2-4B9C-8E03-A6149CADC4EE}.Debug|Win32.ActiveCfg = Debug|Win32
		{FF2C6A18-D5E2-4B9C-8E03-A6149CADC4EE}.Debug|Win32.Build.0 = Debug|Win32
		{FF2C6A18-D5E2-4B9C-8E03-A6149CADC4EE}.Release|Win32.ActiveCfg = Release|Win32
		{FF2C6A18-D5E2-4B9C-8E03-A6149CADC4EE}.Release|Win32.Build.0 = Release|Win32
		{4A0C0584-540C-40D4-BD08-BF007A064C4B}.Debug|Win32.ActiveCfg = Debug|Win32
		{4A0C0584-540C-40D4-BD08-BF007A064C4B}.Debug|Win32.Build.0 = Debug|Win32
		{4A0C0584-540C-40D4-BD08-BF007A064C4B}.Release|Win32.ActiveCfg = Release|Win32
		{4A0C0584-540C-40D4-BD08-BF007A064C4B}.Release|Win32.Build.0 = Release|Win32
		{5CECDE9A-538C-4CE2-A157-C872E58A8B6E}.Debug|Win32.ActiveCfg = Debug|Win32
		{5CECDE9A-538C-4CE2-A157-C872E58A8B6E}.Debug|Win32.Build.0 = Debug|Win32
		{5CECDE9A-538C-4CE2-A157-C872E58A8B6E}.Release|Win32.ActiveCfg = Release|Win32
		{5CECDE9A-538C-4CE2-A157-C872E58A8B6E}.Release|Win32.Build.0 = Release|Win32
		{0F78927D-9F28-429A-96B3-BFEC2A89CE92}.Debug|Win32.ActiveCfg = Debug|Win32
		{0F78927D-9F28-429A-96B3-BFEC2A89CE92}.Debug|Win32.Build.0 = Debug|Win32
		{0F78927D-9F28-429A-96B3-BFEC2A89CE92}.Release|Win32.ActiveCfg = Release|Win32
		{0F78927D-9F28-429A-96B3-BFEC2A89CE92}.Release|Win32.Build.0 = Release|Win32
		{38301C2F-5A7D-4362-A925-01B2CF816371}.Debug|Win32.ActiveCfg = Debug|Win32
		{38301C2F-5A7D-4362-A925-01B2CF816371}.Debug|Win32.Build.0 = Debug|Win32
		{38301C2F-5A7D-4362-A925-01B2CF816371}.Release|Win32.ActiveCfg = Release|Win32
		{38301C2F-5A7D-4362-A925-01B2CF816371}.Release|Win32.Build.0 = Release|Win32
		{B56D0060-F9C9-4836-B6B0-66233BDEC96D}.Debug|Win32.ActiveCfg = Debug|Win32
		{B56D0060-F9C9-4836-B6B0-66233BDEC96D}.Debug|Win32.Build.0 = Debug|Win32
		{B56D0060-F9C9-4836-B6B0-66233BDEC96D}.Release|Win32.ActiveCfg = Release|Win32
		{B56D0060-F9C9-4836-B6B0-66233BDEC96D}.Release|Win32.Build.0 = Release|Win32
		{8154B66C-5D11-4A27-8B65-103992CF1272}.Debug|Win32.ActiveCfg = Debug|Win32
		{8154B66C-5D11-4A27-8B65-103992CF1272}.Debug|Win32.Build.0 = Debug|Win32
		{8154B66C-5D11-4A27-8B65-103992CF1272}.Release|Win32.ActiveCfg = Release|Win32
		{8154B66C-5D11-4A27-8B65-103992CF1272}.Release|Win32.Build.0 = Release|Win32
	EndGlobalSection
	GlobalSection(SolutionProperties) = preSolution
		HideSolutionNode = FALSE
	EndGlobalSection
EndGlobal
