
Microsoft Visual Studio Solution File, Format Version 12.00
# Visual Studio 2013
VisualStudioVersion = 12.0.31101.0
MinimumVisualStudioVersion = 10.0.40219.1
Project("{8BC9CEB8-8B4A-11D0-8D11-00A0C91BC942}") = "快排", "快排\快排.vcxproj", "{05574A52-9A7E-42A7-83F4-7B2BA0F197E4}"
EndProject
Project("{8BC9CEB8-8B4A-11D0-8D11-00A0C91BC942}") = "递归实现二分查找", "递归实现二分查找\递归实现二分查找.vcxproj", "{DEE87D39-1A62-4039-9838-83177C098B0E}"
EndProject
Project("{8BC9CEB8-8B4A-11D0-8D11-00A0C91BC942}") = "查找字串中的个数", "查找字串中的个数\查找字串中的个数.vcxproj", "{BA4192BA-23A4-4E10-8C18-3BDE4530AC9A}"
EndProject
Global
	GlobalSection(SolutionConfigurationPlatforms) = preSolution
		Debug|Win32 = Debug|Win32
		Release|Win32 = Release|Win32
	EndGlobalSection
	GlobalSection(ProjectConfigurationPlatforms) = postSolution
		{05574A52-9A7E-42A7-83F4-7B2BA0F197E4}.Debug|Win32.ActiveCfg = Debug|Win32
		{05574A52-9A7E-42A7-83F4-7B2BA0F197E4}.Debug|Win32.Build.0 = Debug|Win32
		{05574A52-9A7E-42A7-83F4-7B2BA0F197E4}.Release|Win32.ActiveCfg = Release|Win32
		{05574A52-9A7E-42A7-83F4-7B2BA0F197E4}.Release|Win32.Build.0 = Release|Win32
		{DEE87D39-1A62-4039-9838-83177C098B0E}.Debug|Win32.ActiveCfg = Debug|Win32
		{DEE87D39-1A62-4039-9838-83177C098B0E}.Debug|Win32.Build.0 = Debug|Win32
		{DEE87D39-1A62-4039-9838-83177C098B0E}.Release|Win32.ActiveCfg = Release|Win32
		{DEE87D39-1A62-4039-9838-83177C098B0E}.Release|Win32.Build.0 = Release|Win32
		{BA4192BA-23A4-4E10-8C18-3BDE4530AC9A}.Debug|Win32.ActiveCfg = Debug|Win32
		{BA4192BA-23A4-4E10-8C18-3BDE4530AC9A}.Debug|Win32.Build.0 = Debug|Win32
		{BA4192BA-23A4-4E10-8C18-3BDE4530AC9A}.Release|Win32.ActiveCfg = Release|Win32
		{BA4192BA-23A4-4E10-8C18-3BDE4530AC9A}.Release|Win32.Build.0 = Release|Win32
	EndGlobalSection
	GlobalSection(SolutionProperties) = preSolution
		HideSolutionNode = FALSE
	EndGlobalSection
EndGlobal
